<?xml version="1.0" encoding="UTF-8" standalone="yes" ?>
<CodeBlocks_project_file>
	<FileVersion major="1" minor="6" />
	<Project>
		<Option title="simple_nes" />
		<Option pch_mode="2" />
		<Option compiler="gcc" />
		<Build>
			<Target title="Debug">
				<Option output="bin/simple_nes-d" prefix_auto="1" extension_auto="1" />
				<Option working_dir="" />
				<Option object_output="obj/Debug/" />
				<Option type="2" />
				<Option compiler="gcc" />
				<Option parameters="pac-man.nes -s 1" />
				<Compiler>
					<Add option="-Og" />
					<Add option="-g" />
				</Compiler>
			</Target>
			<Target title="Release">
				<Option output="bin/simple_nes" prefix_auto="1" extension_auto="1" />
				<Option working_dir="" />
				<Option object_output="obj/Release/" />
				<Option type="2" />
				<Option compiler="gcc" />
				<Option parameters="mario.nes -s 5" />
				<Compiler>
					<Add option="-fomit-frame-pointer" />
					<Add option="-fexpensive-optimizations" />
				</Compiler>
				<Linker>
					<Add option="-s" />
				</Linker>
			</Target>
			<Target title="Debug x64">
				<Option output="bin/simple_nes-x64-d" prefix_auto="1" extension_auto="1" />
				<Option working_dir="" />
				<Option object_output="obj/Debug_x64/" />
				<Option type="2" />
				<Option compiler="mingw64" />
				<Option parameters="mario.nes -s 5" />
				<Compiler>
					<Add option="-m64" />
					<Add option="-Og" />
					<Add option="-g" />
				</Compiler>
				<Linker>
					<Add option="-m64" />
				</Linker>
			</Target>
			<Target title="Release x64">
				<Option output="bin/simple_nes-x64" prefix_auto="1" extension_auto="1" />
				<Option working_dir="" />
				<Option object_output="obj/Release_x64/" />
				<Option type="2" />
				<Option compiler="mingw64" />
				<Option parameters="mario.nes -s 5" />
				<Compiler>
					<Add option="-fomit-frame-pointer" />
					<Add option="-fexpensive-optimizations" />
					<Add option="-m64" />
				</Compiler>
				<Linker>
					<Add option="-s" />
					<Add option="-m64" />
				</Linker>
			</Target>
		</Build>
		<Compiler>
			<Add option="-O3" />
			<Add option="-Wredundant-decls" />
			<Add option="-Wall" />
			<Add option="-std=c++14" />
			<Add option="-fexceptions" />
			<Add option="-DSFML_STATIC" />
			<Add directory="include" />
			<Add directory="../lib/SFML/include" />
		</Compiler>
		<Linker>
			<Add option="-static-libstdc++" />
			<Add option="-static-libgcc" />
			<Add option="-static" />
		</Linker>
		<Unit filename="include/CPU.h" />
		<Unit filename="include/CPUOpcodes.h" />
		<Unit filename="include/Cartridge.h" />
		<Unit filename="include/Controller.h" />
		<Unit filename="include/Emulator.h" />
		<Unit filename="include/Log.h" />
		<Unit filename="include/MainBus.h" />
		<Unit filename="include/Mapper.h" />
		<Unit filename="include/MapperCNROM.h" />
		<Unit filename="include/MapperNROM.h" />
		<Unit filename="include/MapperSxROM.h" />
		<Unit filename="include/MapperUxROM.h" />
		<Unit filename="include/PPU.h" />
		<Unit filename="include/PaletteColors.h" />
		<Unit filename="include/PictureBus.h" />
		<Unit filename="include/VirtualScreen.h" />
		<Unit filename="src/CPU.cpp" />
		<Unit filename="src/Cartridge.cpp" />
		<Unit filename="src/Controller.cpp" />
		<Unit filename="src/Emulator.cpp" />
		<Unit filename="src/KeybindingsParser.cpp" />
		<Unit filename="src/Log.cpp" />
		<Unit filename="src/MainBus.cpp" />
		<Unit filename="src/Mapper.cpp" />
		<Unit filename="src/MapperCNROM.cpp" />
		<Unit filename="src/MapperNROM.cpp" />
		<Unit filename="src/MapperSxROM.cpp" />
		<Unit filename="src/MapperUxROM.cpp" />
		<Unit filename="src/PPU.cpp" />
		<Unit filename="src/PictureBus.cpp" />
		<Unit filename="src/VirtualScreen.cpp" />
		<Extensions>
			<code_completion />
			<envvars />
			<debugger />
		</Extensions>
	</Project>
</CodeBlocks_project_file>
