<?xml version="1.0" encoding="UTF-8" standalone="yes" ?>
<CodeBlocks_project_file>
	<FileVersion major="1" minor="6" />
	<Project>
		<Option title="zlib" />
		<Option pch_mode="2" />
		<Option compiler="gcc" />
		<Build>
			<Target title="Debug">
				<Option output="bin/zlib-d" prefix_auto="1" extension_auto="1" />
				<Option working_dir="" />
				<Option object_output="obj/Debug/" />
				<Option type="2" />
				<Option compiler="gcc" />
				<Option createDefFile="1" />
				<Compiler>
					<Add option="-Wall" />
					<Add option="-Og" />
					<Add option="-g" />
				</Compiler>
			</Target>
			<Target title="Release">
				<Option output="bin/zlib" prefix_auto="1" extension_auto="1" />
				<Option working_dir="" />
				<Option object_output="obj/Release/" />
				<Option type="2" />
				<Option compiler="gcc" />
				<Option createDefFile="1" />
				<Compiler>
					<Add option="-fomit-frame-pointer" />
					<Add option="-fexpensive-optimizations" />
					<Add option="-Wall" />
				</Compiler>
				<Linker>
					<Add option="-s" />
				</Linker>
			</Target>
			<Target title="Debug x64">
				<Option output="bin/zlib-x64-d" prefix_auto="1" extension_auto="1" />
				<Option working_dir="" />
				<Option object_output="obj/Debug_x64/" />
				<Option type="2" />
				<Option compiler="mingw64" />
				<Option createDefFile="1" />
				<Compiler>
					<Add option="-Wall" />
					<Add option="-m64" />
					<Add option="-Og" />
					<Add option="-g" />
				</Compiler>
				<Linker>
					<Add option="-m64" />
				</Linker>
			</Target>
			<Target title="Release x64">
				<Option output="bin/zlib-x64" prefix_auto="1" extension_auto="1" />
				<Option working_dir="" />
				<Option object_output="obj/Release_x64/" />
				<Option type="2" />
				<Option compiler="mingw64" />
				<Option createDefFile="1" />
				<Compiler>
					<Add option="-fomit-frame-pointer" />
					<Add option="-fexpensive-optimizations" />
					<Add option="-Wall" />
					<Add option="-m64" />
				</Compiler>
				<Linker>
					<Add option="-s" />
					<Add option="-m64" />
				</Linker>
			</Target>
			<Target title="Release x64 archspec">
				<Option output="bin/zlib-x64-archspec" prefix_auto="1" extension_auto="1" />
				<Option working_dir="" />
				<Option object_output="obj/Release_x64_archspec/" />
				<Option type="2" />
				<Option compiler="gcc" />
				<Option createDefFile="1" />
				<Compiler>
					<Add option="-march=corei7-avx" />
					<Add option="-fomit-frame-pointer" />
					<Add option="-fexpensive-optimizations" />
					<Add option="-Wall" />
					<Add option="-m64" />
				</Compiler>
				<Linker>
					<Add option="-s" />
					<Add option="-m64" />
				</Linker>
			</Target>
		</Build>
		<Compiler>
			<Add option="-O3" />
			<Add option="-Wall" />
			<Add option="-std=c++14" />
		</Compiler>
		<Linker>
			<Add option="-static-libstdc++" />
			<Add option="-static-libgcc" />
			<Add option="-static" />
		</Linker>
		<Unit filename="zlib-1.2.11/adler32.c">
			<Option compilerVar="CC" />
		</Unit>
		<Unit filename="zlib-1.2.11/compress.c">
			<Option compilerVar="CC" />
		</Unit>
		<Unit filename="zlib-1.2.11/crc32.c">
			<Option compilerVar="CC" />
		</Unit>
		<Unit filename="zlib-1.2.11/crc32.h" />
		<Unit filename="zlib-1.2.11/deflate.c">
			<Option compilerVar="CC" />
		</Unit>
		<Unit filename="zlib-1.2.11/deflate.h" />
		<Unit filename="zlib-1.2.11/gzclose.c">
			<Option compilerVar="CC" />
		</Unit>
		<Unit filename="zlib-1.2.11/gzguts.h" />
		<Unit filename="zlib-1.2.11/gzlib.c">
			<Option compilerVar="CC" />
		</Unit>
		<Unit filename="zlib-1.2.11/gzread.c">
			<Option compilerVar="CC" />
		</Unit>
		<Unit filename="zlib-1.2.11/gzwrite.c">
			<Option compilerVar="CC" />
		</Unit>
		<Unit filename="zlib-1.2.11/infback.c">
			<Option compilerVar="CC" />
		</Unit>
		<Unit filename="zlib-1.2.11/inffast.c">
			<Option compilerVar="CC" />
		</Unit>
		<Unit filename="zlib-1.2.11/inffast.h" />
		<Unit filename="zlib-1.2.11/inffixed.h" />
		<Unit filename="zlib-1.2.11/inflate.c">
			<Option compilerVar="CC" />
		</Unit>
		<Unit filename="zlib-1.2.11/inflate.h" />
		<Unit filename="zlib-1.2.11/inftrees.c">
			<Option compilerVar="CC" />
		</Unit>
		<Unit filename="zlib-1.2.11/inftrees.h" />
		<Unit filename="zlib-1.2.11/trees.c">
			<Option compilerVar="CC" />
		</Unit>
		<Unit filename="zlib-1.2.11/trees.h" />
		<Unit filename="zlib-1.2.11/uncompr.c">
			<Option compilerVar="CC" />
		</Unit>
		<Unit filename="zlib-1.2.11/zconf.h" />
		<Unit filename="zlib-1.2.11/zlib.h" />
		<Unit filename="zlib-1.2.11/zutil.c">
			<Option compilerVar="CC" />
		</Unit>
		<Unit filename="zlib-1.2.11/zutil.h" />
		<Unit filename="zlib.cpp" />
		<Unit filename="zlib.hpp" />
		<Extensions>
			<lib_finder disable_auto="1" />
		</Extensions>
	</Project>
</CodeBlocks_project_file>
